
Microsoft Visual Studio Solution File, Format Version 12.00
# Visual Studio 2012
Project("{FAE04EC0-301F-11D3-BF4B-00C04F79EFBC}") = "FestivalApp", "FestivalApp\FestivalApp.csproj", "{5C6E83D4-EACC-4D15-B907-39032DBB7C6D}"
EndProject
Project("{FAE04EC0-301F-11D3-BF4B-00C04F79EFBC}") = "Models", "Models\Models.csproj", "{EFF689AF-DBAB-4C57-851D-9C7F6CF5BA06}"
EndProject
Project("{FAE04EC0-301F-11D3-BF4B-00C04F79EFBC}") = "DAL", "DAL\DAL.csproj", "{014C5BE0-763D-4506-8C0C-FB53507790C8}"
EndProject
Global
	GlobalSection(SolutionConfigurationPlatforms) = preSolution
		Debug|Any CPU = Debug|Any CPU
		Release|Any CPU = Release|Any CPU
	EndGlobalSection
	GlobalSection(ProjectConfigurationPlatforms) = postSolution
		{5C6E83D4-EACC-4D15-B907-39032DBB7C6D}.Debug|Any CPU.ActiveCfg = Debug|Any CPU
		{5C6E83D4-EACC-4D15-B907-39032DBB7C6D}.Debug|Any CPU.Build.0 = Debug|Any CPU
		{5C6E83D4-EACC-4D15-B907-39032DBB7C6D}.Release|Any CPU.ActiveCfg = Release|Any CPU
		{5C6E83D4-EACC-4D15-B907-39032DBB7C6D}.Release|Any CPU.Build.0 = Release|Any CPU
		{EFF689AF-DBAB-4C57-851D-9C7F6CF5BA06}.Debug|Any CPU.ActiveCfg = Debug|Any CPU
		{EFF689AF-DBAB-4C57-851D-9C7F6CF5BA06}.Debug|Any CPU.Build.0 = Debug|Any CPU
		{EFF689AF-DBAB-4C57-851D-9C7F6CF5BA06}.Release|Any CPU.ActiveCfg = Release|Any CPU
		{EFF689AF-DBAB-4C57-851D-9C7F6CF5BA06}.Release|Any CPU.Build.0 = Release|Any CPU
		{014C5BE0-763D-4506-8C0C-FB53507790C8}.Debug|Any CPU.ActiveCfg = Debug|Any CPU
		{014C5BE0-763D-4506-8C0C-FB53507790C8}.Debug|Any CPU.Build.0 = Debug|Any CPU
		{014C5BE0-763D-4506-8C0C-FB53507790C8}.Release|Any CPU.ActiveCfg = Release|Any CPU
		{014C5BE0-763D-4506-8C0C-FB53507790C8}.Release|Any CPU.Build.0 = Release|Any CPU
	EndGlobalSection
	GlobalSection(SolutionProperties) = preSolution
		HideSolutionNode = FALSE
	EndGlobalSection
EndGlobal
