
Microsoft Visual Studio Solution File, Format Version 12.00
# Visual Studio 2012
Project("{FAE04EC0-301F-11D3-BF4B-00C04F79EFBC}") = "DAL", "DAL\DAL.csproj", "{014C5BE0-763D-4506-8C0C-FB53507790C8}"
EndProject
Project("{FAE04EC0-301F-11D3-BF4B-00C04F79EFBC}") = "FestivalWebsite", "FestivalWebsite\FestivalWebsite.csproj", "{D2290F00-49E6-451C-B8E7-B58F1ADF6F3E}"
EndProject
Project("{FAE04EC0-301F-11D3-BF4B-00C04F79EFBC}") = "ModelsMobile", "ModelsMobile\ModelsMobile.csproj", "{BB5F9BA4-0FE2-4F94-AB3C-825B3DFFA09D}"
EndProject
Project("{FAE04EC0-301F-11D3-BF4B-00C04F79EFBC}") = "Models", "Models\Models.csproj", "{013B545F-E8FB-4BC6-8FA8-F38285268223}"
EndProject
Global
	GlobalSection(SolutionConfigurationPlatforms) = preSolution
		Debug|Any CPU = Debug|Any CPU
		Release|Any CPU = Release|Any CPU
	EndGlobalSection
	GlobalSection(ProjectConfigurationPlatforms) = postSolution
		{014C5BE0-763D-4506-8C0C-FB53507790C8}.Debug|Any CPU.ActiveCfg = Debug|Any CPU
		{014C5BE0-763D-4506-8C0C-FB53507790C8}.Debug|Any CPU.Build.0 = Debug|Any CPU
		{014C5BE0-763D-4506-8C0C-FB53507790C8}.Release|Any CPU.ActiveCfg = Release|Any CPU
		{014C5BE0-763D-4506-8C0C-FB53507790C8}.Release|Any CPU.Build.0 = Release|Any CPU
		{D2290F00-49E6-451C-B8E7-B58F1ADF6F3E}.Debug|Any CPU.ActiveCfg = Debug|Any CPU
		{D2290F00-49E6-451C-B8E7-B58F1ADF6F3E}.Debug|Any CPU.Build.0 = Debug|Any CPU
		{D2290F00-49E6-451C-B8E7-B58F1ADF6F3E}.Release|Any CPU.ActiveCfg = Release|Any CPU
		{D2290F00-49E6-451C-B8E7-B58F1ADF6F3E}.Release|Any CPU.Build.0 = Release|Any CPU
		{BB5F9BA4-0FE2-4F94-AB3C-825B3DFFA09D}.Debug|Any CPU.ActiveCfg = Debug|Any CPU
		{BB5F9BA4-0FE2-4F94-AB3C-825B3DFFA09D}.Debug|Any CPU.Build.0 = Debug|Any CPU
		{BB5F9BA4-0FE2-4F94-AB3C-825B3DFFA09D}.Release|Any CPU.ActiveCfg = Release|Any CPU
		{BB5F9BA4-0FE2-4F94-AB3C-825B3DFFA09D}.Release|Any CPU.Build.0 = Release|Any CPU
		{013B545F-E8FB-4BC6-8FA8-F38285268223}.Debug|Any CPU.ActiveCfg = Debug|Any CPU
		{013B545F-E8FB-4BC6-8FA8-F38285268223}.Debug|Any CPU.Build.0 = Debug|Any CPU
		{013B545F-E8FB-4BC6-8FA8-F38285268223}.Release|Any CPU.ActiveCfg = Release|Any CPU
		{013B545F-E8FB-4BC6-8FA8-F38285268223}.Release|Any CPU.Build.0 = Release|Any CPU
	EndGlobalSection
	GlobalSection(SolutionProperties) = preSolution
		HideSolutionNode = FALSE
	EndGlobalSection
EndGlobal
